
Microsoft Visual Studio Solution File, Format Version 12.00
# Visual Studio Version 17
VisualStudioVersion = 17.2.32526.322
MinimumVisualStudioVersion = 10.0.40219.1
Project("{2150E333-8FDC-42A3-9474-1A3956D46DE8}") = "src", "src", "{AFF6F101-210C-4E96-9328-BBCB49F2B24E}"
EndProject
Project("{9A19103F-16F7-4668-BE54-9A1E7A4F7556}") = "Core", "src\Core\Core.csproj", "{C3B65E11-0113-4CC8-82C5-F9AA26AED057}"
EndProject
Project("{9A19103F-16F7-4668-BE54-9A1E7A4F7556}") = "Infrastructure", "src\Infrastructure\Infrastructure.csproj", "{A02B234F-AE58-47DC-84F7-F81BDC70FCE2}"
EndProject
Project("{9A19103F-16F7-4668-BE54-9A1E7A4F7556}") = "Shared", "src\Shared\Shared.csproj", "{26AD6FD3-4B55-42C1-A989-D48DF344A744}"
EndProject
Project("{9A19103F-16F7-4668-BE54-9A1E7A4F7556}") = "Core.UnitTest", "tests\Core.UnitTest\Core.UnitTest.csproj", "{3C9BF7FC-DEAA-43E8-9D4B-C54691A1FA3C}"
EndProject
Project("{9A19103F-16F7-4668-BE54-9A1E7A4F7556}") = "Infrastructure.UnitTest", "tests\Infrastructure.UnitTest\Infrastructure.UnitTest.csproj", "{86C0E385-16DD-4242-826F-20525D50A7A9}"
EndProject
Global
	GlobalSection(SolutionConfigurationPlatforms) = preSolution
		Debug|Any CPU = Debug|Any CPU
		Release|Any CPU = Release|Any CPU
	EndGlobalSection
	GlobalSection(ProjectConfigurationPlatforms) = postSolution
		{C3B65E11-0113-4CC8-82C5-F9AA26AED057}.Debug|Any CPU.ActiveCfg = Debug|Any CPU
		{C3B65E11-0113-4CC8-82C5-F9AA26AED057}.Debug|Any CPU.Build.0 = Debug|Any CPU
		{C3B65E11-0113-4CC8-82C5-F9AA26AED057}.Release|Any CPU.ActiveCfg = Release|Any CPU
		{C3B65E11-0113-4CC8-82C5-F9AA26AED057}.Release|Any CPU.Build.0 = Release|Any CPU
		{A02B234F-AE58-47DC-84F7-F81BDC70FCE2}.Debug|Any CPU.ActiveCfg = Debug|Any CPU
		{A02B234F-AE58-47DC-84F7-F81BDC70FCE2}.Debug|Any CPU.Build.0 = Debug|Any CPU
		{A02B234F-AE58-47DC-84F7-F81BDC70FCE2}.Release|Any CPU.ActiveCfg = Release|Any CPU
		{A02B234F-AE58-47DC-84F7-F81BDC70FCE2}.Release|Any CPU.Build.0 = Release|Any CPU
		{26AD6FD3-4B55-42C1-A989-D48DF344A744}.Debug|Any CPU.ActiveCfg = Debug|Any CPU
		{26AD6FD3-4B55-42C1-A989-D48DF344A744}.Debug|Any CPU.Build.0 = Debug|Any CPU
		{26AD6FD3-4B55-42C1-A989-D48DF344A744}.Release|Any CPU.ActiveCfg = Release|Any CPU
		{26AD6FD3-4B55-42C1-A989-D48DF344A744}.Release|Any CPU.Build.0 = Release|Any CPU
		{3C9BF7FC-DEAA-43E8-9D4B-C54691A1FA3C}.Debug|Any CPU.ActiveCfg = Debug|Any CPU
		{3C9BF7FC-DEAA-43E8-9D4B-C54691A1FA3C}.Debug|Any CPU.Build.0 = Debug|Any CPU
		{3C9BF7FC-DEAA-43E8-9D4B-C54691A1FA3C}.Release|Any CPU.ActiveCfg = Release|Any CPU
		{3C9BF7FC-DEAA-43E8-9D4B-C54691A1FA3C}.Release|Any CPU.Build.0 = Release|Any CPU
		{86C0E385-16DD-4242-826F-20525D50A7A9}.Debug|Any CPU.ActiveCfg = Debug|Any CPU
		{86C0E385-16DD-4242-826F-20525D50A7A9}.Debug|Any CPU.Build.0 = Debug|Any CPU
		{86C0E385-16DD-4242-826F-20525D50A7A9}.Release|Any CPU.ActiveCfg = Release|Any CPU
		{86C0E385-16DD-4242-826F-20525D50A7A9}.Release|Any CPU.Build.0 = Release|Any CPU
	EndGlobalSection
	GlobalSection(SolutionProperties) = preSolution
		HideSolutionNode = FALSE
	EndGlobalSection
	GlobalSection(ExtensibilityGlobals) = postSolution
		SolutionGuid = {75AF5091-F0C9-45E1-A11D-3942B6CB8DAB}
	EndGlobalSection
EndGlobal
