
Microsoft Visual Studio Solution File, Format Version 12.00
# Visual Studio Version 17
VisualStudioVersion = 17.2.32526.322
MinimumVisualStudioVersion = 10.0.40219.1
Project("{9A19103F-16F7-4668-BE54-9A1E7A4F7556}") = "DDD.Model", "DDD.Model\DDD.Model.csproj", "{E36CA090-5852-42F7-BCD4-1494F8898881}"
EndProject
Project("{9A19103F-16F7-4668-BE54-9A1E7A4F7556}") = "DDD.Model.UnitTest", "DDD.Model.UnitTest\DDD.Model.UnitTest.csproj", "{CA0BA2F4-1276-4E01-9B81-260525270DDC}"
EndProject
Global
	GlobalSection(SolutionConfigurationPlatforms) = preSolution
		Debug|Any CPU = Debug|Any CPU
		Release|Any CPU = Release|Any CPU
	EndGlobalSection
	GlobalSection(ProjectConfigurationPlatforms) = postSolution
		{E36CA090-5852-42F7-BCD4-1494F8898881}.Debug|Any CPU.ActiveCfg = Debug|Any CPU
		{E36CA090-5852-42F7-BCD4-1494F8898881}.Debug|Any CPU.Build.0 = Debug|Any CPU
		{E36CA090-5852-42F7-BCD4-1494F8898881}.Release|Any CPU.ActiveCfg = Release|Any CPU
		{E36CA090-5852-42F7-BCD4-1494F8898881}.Release|Any CPU.Build.0 = Release|Any CPU
		{CA0BA2F4-1276-4E01-9B81-260525270DDC}.Debug|Any CPU.ActiveCfg = Debug|Any CPU
		{CA0BA2F4-1276-4E01-9B81-260525270DDC}.Debug|Any CPU.Build.0 = Debug|Any CPU
		{CA0BA2F4-1276-4E01-9B81-260525270DDC}.Release|Any CPU.ActiveCfg = Release|Any CPU
		{CA0BA2F4-1276-4E01-9B81-260525270DDC}.Release|Any CPU.Build.0 = Release|Any CPU
	EndGlobalSection
	GlobalSection(SolutionProperties) = preSolution
		HideSolutionNode = FALSE
	EndGlobalSection
	GlobalSection(ExtensibilityGlobals) = postSolution
		SolutionGuid = {75AF5091-F0C9-45E1-A11D-3942B6CB8DAB}
	EndGlobalSection
EndGlobal
